Microsoft Visual Studio Solution File, Format Version 12.00
# Visual Studio Version 17
VisualStudioVersion = 17.5.2.0
MinimumVisualStudioVersion = 10.0.40219.1
Project("{FAE04EC0-301F-11D3-BF4B-00C04F79EFBC}") = "HistoricalData", "HistoricalData.csproj", "{444C63CD-92BB-AF65-85AB-E02E17E3F29B}"
EndProject
Global
	GlobalSection(SolutionConfigurationPlatforms) = preSolution
		Debug|Any CPU = Debug|Any CPU
		Release|Any CPU = Release|Any CPU
	EndGlobalSection
	GlobalSection(ProjectConfigurationPlatforms) = postSolution
		{444C63CD-92BB-AF65-85AB-E02E17E3F29B}.Debug|Any CPU.ActiveCfg = Debug|Any CPU
		{444C63CD-92BB-AF65-85AB-E02E17E3F29B}.Debug|Any CPU.Build.0 = Debug|Any CPU
		{444C63CD-92BB-AF65-85AB-E02E17E3F29B}.Release|Any CPU.ActiveCfg = Release|Any CPU
		{444C63CD-92BB-AF65-85AB-E02E17E3F29B}.Release|Any CPU.Build.0 = Release|Any CPU
	EndGlobalSection
	GlobalSection(SolutionProperties) = preSolution
		HideSolutionNode = FALSE
	EndGlobalSection
	GlobalSection(ExtensibilityGlobals) = postSolution
		SolutionGuid = {BE344237-70A8-4499-8E3F-CB27CD6479FB}
	EndGlobalSection
EndGlobal
